
Microsoft Visual Studio Solution File, Format Version 12.00
# Visual Studio Version 17
VisualStudioVersion = 17.4.33213.308
MinimumVisualStudioVersion = 10.0.40219.1
Project("{FAE04EC0-301F-11D3-BF4B-00C04F79EFBC}") = "Town-Burger", "Town-Burger\Town-Burger.csproj", "{D6EBF15F-7C0D-4EF4-BC3E-44D15D6EC9BE}"
EndProject
Global
	GlobalSection(SolutionConfigurationPlatforms) = preSolution
		Debug|Any CPU = Debug|Any CPU
		Release|Any CPU = Release|Any CPU
	EndGlobalSection
	GlobalSection(ProjectConfigurationPlatforms) = postSolution
		{D6EBF15F-7C0D-4EF4-BC3E-44D15D6EC9BE}.Debug|Any CPU.ActiveCfg = Debug|Any CPU
		{D6EBF15F-7C0D-4EF4-BC3E-44D15D6EC9BE}.Debug|Any CPU.Build.0 = Debug|Any CPU
		{D6EBF15F-7C0D-4EF4-BC3E-44D15D6EC9BE}.Release|Any CPU.ActiveCfg = Release|Any CPU
		{D6EBF15F-7C0D-4EF4-BC3E-44D15D6EC9BE}.Release|Any CPU.Build.0 = Release|Any CPU
	EndGlobalSection
	GlobalSection(SolutionProperties) = preSolution
		HideSolutionNode = FALSE
	EndGlobalSection
	GlobalSection(ExtensibilityGlobals) = postSolution
		SolutionGuid = {F7715066-327D-4CAA-9E77-A65B2D60FBBE}
	EndGlobalSection
EndGlobal
